{
  "name": "final",
  "lockfileVersion": 2,
  "requires": true,
  "packages": {
    "": {
      "dependencies": {
        "@prisma/client": "^4.15.0",
        "react-icons": "^4.9.0"
      },
      "devDependencies": {
        "prisma": "^4.15.0"
      }
    },
    "node_modules/@prisma/client": {
      "version": "4.15.0",
      "hasInstallScript": true,
      "license": "Apache-2.0",
      "dependencies": {
        "@prisma/engines-version": "4.15.0-28.8fbc245156db7124f997f4cecdd8d1219e360944"
      },
      "engines": {
        "node": ">=14.17"
      },
      "peerDependencies": {
        "prisma": "*"
      },
      "peerDependenciesMeta": {
        "prisma": {
          "optional": true
        }
      }
    },
    "node_modules/@prisma/engines": {
      "version": "4.15.0",
      "devOptional": true,
      "hasInstallScript": true,
      "license": "Apache-2.0"
    },
    "node_modules/@prisma/engines-version": {
      "version": "4.15.0-28.8fbc245156db7124f997f4cecdd8d1219e360944",
      "license": "Apache-2.0"
    },
    "node_modules/js-tokens": {
      "version": "4.0.0",
      "resolved": "https://registry.npmjs.org/js-tokens/-/js-tokens-4.0.0.tgz",
      "integrity": "sha512-RdJUflcE3cUzKiMqQgsCu06FPu9UdIJO0beYbPhHN4k6apgJtifcoCtT9bcxOpYBtpD2kCM6Sbzg4CausW/PKQ==",
      "peer": true
    },
    "node_modules/loose-envify": {
      "version": "1.4.0",
      "resolved": "https://registry.npmjs.org/loose-envify/-/loose-envify-1.4.0.tgz",
      "integrity": "sha512-lyuxPGr/Wfhrlem2CL/UcnUc1zcqKAImBDzukY7Y5F/yQiNdko6+fRLevlw1HgMySw7f611UIY408EtxRSoK3Q==",
      "peer": true,
      "dependencies": {
        "js-tokens": "^3.0.0 || ^4.0.0"
      },
      "bin": {
        "loose-envify": "cli.js"
      }
    },
    "node_modules/prisma": {
      "version": "4.15.0",
      "devOptional": true,
      "hasInstallScript": true,
      "license": "Apache-2.0",
      "dependencies": {
        "@prisma/engines": "4.15.0"
      },
      "bin": {
        "prisma": "build/index.js",
        "prisma2": "build/index.js"
      },
      "engines": {
        "node": ">=14.17"
      }
    },
    "node_modules/react": {
      "version": "18.2.0",
      "resolved": "https://registry.npmjs.org/react/-/react-18.2.0.tgz",
      "integrity": "sha512-/3IjMdb2L9QbBdWiW5e3P2/npwMBaU9mHCSCUzNln0ZCYbcfTsGbTJrU/kGemdH2IWmB2ioZ+zkxtmq6g09fGQ==",
      "peer": true,
      "dependencies": {
        "loose-envify": "^1.1.0"
      },
      "engines": {
        "node": ">=0.10.0"
      }
    },
    "node_modules/react-icons": {
      "version": "4.9.0",
      "resolved": "https://registry.npmjs.org/react-icons/-/react-icons-4.9.0.tgz",
      "integrity": "sha512-ijUnFr//ycebOqujtqtV9PFS7JjhWg0QU6ykURVHuL4cbofvRCf3f6GMn9+fBktEFQOIVZnuAYLZdiyadRQRFg==",
      "peerDependencies": {
        "react": "*"
      }
    }
  },
  "dependencies": {
    "@prisma/client": {
      "version": "4.15.0",
      "requires": {
        "@prisma/engines-version": "4.15.0-28.8fbc245156db7124f997f4cecdd8d1219e360944"
      }
    },
    "@prisma/engines": {
      "version": "4.15.0",
      "devOptional": true
    },
    "@prisma/engines-version": {
      "version": "4.15.0-28.8fbc245156db7124f997f4cecdd8d1219e360944"
    },
    "js-tokens": {
      "version": "4.0.0",
      "resolved": "https://registry.npmjs.org/js-tokens/-/js-tokens-4.0.0.tgz",
      "integrity": "sha512-RdJUflcE3cUzKiMqQgsCu06FPu9UdIJO0beYbPhHN4k6apgJtifcoCtT9bcxOpYBtpD2kCM6Sbzg4CausW/PKQ==",
      "peer": true
    },
    "loose-envify": {
      "version": "1.4.0",
      "resolved": "https://registry.npmjs.org/loose-envify/-/loose-envify-1.4.0.tgz",
      "integrity": "sha512-lyuxPGr/Wfhrlem2CL/UcnUc1zcqKAImBDzukY7Y5F/yQiNdko6+fRLevlw1HgMySw7f611UIY408EtxRSoK3Q==",
      "peer": true,
      "requires": {
        "js-tokens": "^3.0.0 || ^4.0.0"
      }
    },
    "prisma": {
      "version": "4.15.0",
      "devOptional": true,
      "requires": {
        "@prisma/engines": "4.15.0"
      }
    },
    "react": {
      "version": "18.2.0",
      "resolved": "https://registry.npmjs.org/react/-/react-18.2.0.tgz",
      "integrity": "sha512-/3IjMdb2L9QbBdWiW5e3P2/npwMBaU9mHCSCUzNln0ZCYbcfTsGbTJrU/kGemdH2IWmB2ioZ+zkxtmq6g09fGQ==",
      "peer": true,
      "requires": {
        "loose-envify": "^1.1.0"
      }
    },
    "react-icons": {
      "version": "4.9.0",
      "resolved": "https://registry.npmjs.org/react-icons/-/react-icons-4.9.0.tgz",
      "integrity": "sha512-ijUnFr//ycebOqujtqtV9PFS7JjhWg0QU6ykURVHuL4cbofvRCf3f6GMn9+fBktEFQOIVZnuAYLZdiyadRQRFg==",
      "requires": {}
    }
  }
}
